
Microsoft Visual Studio Solution File, Format Version 12.00
# Visual Studio Version 17
VisualStudioVersion = 17.3.32804.467
MinimumVisualStudioVersion = 10.0.40219.1
Project("{FAE04EC0-301F-11D3-BF4B-00C04F79EFBC}") = "My_Evidence", "My_Evidence.csproj", "{0F7DC18D-D5F6-44BD-8F30-041CAB578101}"
EndProject
Global
	GlobalSection(SolutionConfigurationPlatforms) = preSolution
		Debug|Any CPU = Debug|Any CPU
		Release|Any CPU = Release|Any CPU
	EndGlobalSection
	GlobalSection(ProjectConfigurationPlatforms) = postSolution
		{0F7DC18D-D5F6-44BD-8F30-041CAB578101}.Debug|Any CPU.ActiveCfg = Debug|Any CPU
		{0F7DC18D-D5F6-44BD-8F30-041CAB578101}.Debug|Any CPU.Build.0 = Debug|Any CPU
		{0F7DC18D-D5F6-44BD-8F30-041CAB578101}.Release|Any CPU.ActiveCfg = Release|Any CPU
		{0F7DC18D-D5F6-44BD-8F30-041CAB578101}.Release|Any CPU.Build.0 = Release|Any CPU
	EndGlobalSection
	GlobalSection(SolutionProperties) = preSolution
		HideSolutionNode = FALSE
	EndGlobalSection
	GlobalSection(ExtensibilityGlobals) = postSolution
		SolutionGuid = {7A13B1A8-209B-4C10-93B5-D7B644B4BE9C}
	EndGlobalSection
EndGlobal
